
Microsoft Visual Studio Solution File, Format Version 12.00
# Visual Studio 2012
Project("{FAE04EC0-301F-11D3-BF4B-00C04F79EFBC}") = "tao-of-t", "tao-of-t\tao-of-t.csproj", "{DC8384F4-CA2B-4AB3-BF26-863DB892B14B}"
EndProject
Global
	GlobalSection(SolutionConfigurationPlatforms) = preSolution
		Debug|Any CPU = Debug|Any CPU
		Release|Any CPU = Release|Any CPU
	EndGlobalSection
	GlobalSection(ProjectConfigurationPlatforms) = postSolution
		{DC8384F4-CA2B-4AB3-BF26-863DB892B14B}.Debug|Any CPU.ActiveCfg = Debug|Any CPU
		{DC8384F4-CA2B-4AB3-BF26-863DB892B14B}.Debug|Any CPU.Build.0 = Debug|Any CPU
		{DC8384F4-CA2B-4AB3-BF26-863DB892B14B}.Release|Any CPU.ActiveCfg = Release|Any CPU
		{DC8384F4-CA2B-4AB3-BF26-863DB892B14B}.Release|Any CPU.Build.0 = Release|Any CPU
	EndGlobalSection
	GlobalSection(SolutionProperties) = preSolution
		HideSolutionNode = FALSE
	EndGlobalSection
EndGlobal
